PODS:
  - SDWebImage (5.8.4):
    - SDWebImage/Core (= 5.8.4)
  - SDWebImage/Core (5.8.4)
  - SDWebImageSwiftUI (1.5.0):
    - SDWebImage (~> 5.7)

DEPENDENCIES:
  - SDWebImage
  - SDWebImageSwiftUI

SPEC REPOS:
  trunk:
    - SDWebImage
    - SDWebImageSwiftUI

SPEC CHECKSUMS:
  SDWebImage: cf6922231e95550934da2ada0f20f2becf2ceba9
  SDWebImageSwiftUI: 43687ffe232ddd33fe0659498b7ca9884fdd6b35

PODFILE CHECKSUM: 4824dc8597ffda54b69a26515a1d32ccb55ae6c0

COCOAPODS: 1.8.4
